
Microsoft Visual Studio Solution File, Format Version 12.00
# Visual Studio Version 17
VisualStudioVersion = 17.11.35327.3
MinimumVisualStudioVersion = 10.0.40219.1
Project("{9A19103F-16F7-4668-BE54-9A1E7A4F7556}") = "Task2", "Task2\Task2.csproj", "{BE04F673-8BB3-4310-849F-013BAB6EF57D}"
EndProject
Project("{FAE04EC0-301F-11D3-BF4B-00C04F79EFBC}") = "ChallangeTask", "ChallangeTask\ChallangeTask.csproj", "{FDD58298-2F44-4D67-8C1C-C1E283CC2480}"
EndProject
Global
	GlobalSection(SolutionConfigurationPlatforms) = preSolution
		Debug|Any CPU = Debug|Any CPU
		Release|Any CPU = Release|Any CPU
	EndGlobalSection
	GlobalSection(ProjectConfigurationPlatforms) = postSolution
		{BE04F673-8BB3-4310-849F-013BAB6EF57D}.Debug|Any CPU.ActiveCfg = Debug|Any CPU
		{BE04F673-8BB3-4310-849F-013BAB6EF57D}.Debug|Any CPU.Build.0 = Debug|Any CPU
		{BE04F673-8BB3-4310-849F-013BAB6EF57D}.Release|Any CPU.ActiveCfg = Release|Any CPU
		{BE04F673-8BB3-4310-849F-013BAB6EF57D}.Release|Any CPU.Build.0 = Release|Any CPU
		{FDD58298-2F44-4D67-8C1C-C1E283CC2480}.Debug|Any CPU.ActiveCfg = Debug|Any CPU
		{FDD58298-2F44-4D67-8C1C-C1E283CC2480}.Debug|Any CPU.Build.0 = Debug|Any CPU
		{FDD58298-2F44-4D67-8C1C-C1E283CC2480}.Release|Any CPU.ActiveCfg = Release|Any CPU
		{FDD58298-2F44-4D67-8C1C-C1E283CC2480}.Release|Any CPU.Build.0 = Release|Any CPU
	EndGlobalSection
	GlobalSection(SolutionProperties) = preSolution
		HideSolutionNode = FALSE
	EndGlobalSection
	GlobalSection(ExtensibilityGlobals) = postSolution
		SolutionGuid = {1E80484C-5CD7-4401-9E36-A0B7237DAC50}
	EndGlobalSection
EndGlobal
